<?xml version="1.0" encoding="utf-8"?>
<Project ToolsVersion="4.0" xmlns="http://schemas.microsoft.com/developer/msbuild/2003">
  <ItemGroup>
    <Filter Include="src">
      <UniqueIdentifier>{d0c45ae1-b1d5-45cf-a569-6d4cea7f7337}</UniqueIdentifier>
    </Filter>
    <Filter Include="src\Core">
      <UniqueIdentifier>{90334991-7d5c-46b0-8821-e01b39d51713}</UniqueIdentifier>
    </Filter>
    <Filter Include="src\Entities">
      <UniqueIdentifier>{e4110741-b421-4277-b8e9-be5b08fe3cfa}</UniqueIdentifier>
    </Filter>
    <Filter Include="src\AI">
      <UniqueIdentifier>{276e81e6-5631-4195-a098-2d959bfe9ec3}</UniqueIdentifier>
    </Filter>
    <Filter Include="data">
      <UniqueIdentifier>{3c7e9cfb-06b1-4ffe-9a86-87507a926a16}</UniqueIdentifier>
    </Filter>
    <Filter Include="data\sounds">
      <UniqueIdentifier>{2a2f44f7-ec3e-46f9-ae3a-a30a9af31971}</UniqueIdentifier>
    </Filter>
    <Filter Include="data\textures">
      <UniqueIdentifier>{60580c04-9cb9-40cd-ac7b-4bc592425eea}</UniqueIdentifier>
    </Filter>
    <Filter Include="data\music">
      <UniqueIdentifier>{9064be9b-dc78-4f71-9010-8cefc88b428f}</UniqueIdentifier>
    </Filter>
    <Filter Include="src\Menu">
      <UniqueIdentifier>{dc729cbf-9e0b-4894-832a-5f157ef69f15}</UniqueIdentifier>
    </Filter>
    <Filter Include="data\fonts">
      <UniqueIdentifier>{ad07be75-fb51-4793-81c3-8d0eefb03b55}</UniqueIdentifier>
    </Filter>
    <Filter Include="src\Levels">
      <UniqueIdentifier>{ea6f9b5b-02eb-46aa-88ff-615b705781de}</UniqueIdentifier>
    </Filter>
  </ItemGroup>
  <ItemGroup>
    <ClInclude Include="src\precomp.h">
      <Filter>src</Filter>
    </ClInclude>
    <ClInclude Include="src\Core\GameApp.h">
      <Filter>src\Core</Filter>
    </ClInclude>
    <ClInclude Include="src\Entities\CameraController.h">
      <Filter>src\Entities</Filter>
    </ClInclude>
    <ClInclude Include="src\Entities\GameComponents.h">
      <Filter>src\Entities</Filter>
    </ClInclude>
    <ClInclude Include="src\AI\AI.h">
      <Filter>src\AI</Filter>
    </ClInclude>
    <ClInclude Include="src\Entities\Tank.h" />
    <ClInclude Include="src\Entities\Animation.h" />
    <ClInclude Include="src\Entities\StaticObject.h" />
    <ClInclude Include="src\Entities\Pickup.h" />
    <ClInclude Include="src\Entities\Terrain.h" />
    <ClInclude Include="src\Menu\MenuController.h" />
    <ClInclude Include="PhysicsController.h">
      <Filter>src\Entities</Filter>
    </ClInclude>
    <ClInclude Include="src\Entities\Terrain.h">
      <Filter>src\Entities</Filter>
    </ClInclude>
    <ClInclude Include="src\Entities\Pickup.h">
      <Filter>src\Entities</Filter>
    </ClInclude>
    <ClInclude Include="src\Entities\Player.h">
      <Filter>src\Entities</Filter>
    </ClInclude>
    <ClInclude Include="src\Entities\StaticObject.h">
      <Filter>src\Entities</Filter>
    </ClInclude>
    <ClInclude Include="src\Entities\Tank.h">
      <Filter>src\Entities</Filter>
    </ClInclude>
    <ClInclude Include="src\Entities\Animation.h">
      <Filter>src\Entities</Filter>
    </ClInclude>
    <ClInclude Include="src\Entities\HealthBar.h">
      <Filter>src\Entities</Filter>
    </ClInclude>
    <ClInclude Include="src\Menu\MenuController.h">
      <Filter>src\Menu</Filter>
    </ClInclude>
    <ClInclude Include="src\Entities\Bullet.h">
      <Filter>src\Entities</Filter>
    </ClInclude>
    <ClInclude Include="src\Entities\GridSystem.h">
      <Filter>src\Entities</Filter>
    </ClInclude>
    <ClInclude Include="src\Levels\LevelManager.h">
      <Filter>src\Levels</Filter>
    </ClInclude>
    <ClInclude Include="src\Entities\Bot.h" />
    <ClInclude Include="InvisibleWallSpawner.h">
      <Filter>src\Entities</Filter>
    </ClInclude>
  </ItemGroup>
  <ItemGroup>
    <ClCompile Include="src\precomp.cpp">
      <Filter>src</Filter>
    </ClCompile>
    <ClCompile Include="src\Core\GameApp.cpp">
      <Filter>src\Core</Filter>
    </ClCompile>
    <ClCompile Include="src\Entities\CameraController.cpp">
      <Filter>src\Entities</Filter>
    </ClCompile>
    <ClCompile Include="src\AI\AI.cpp">
      <Filter>src\AI</Filter>
    </ClCompile>
    <ClCompile Include="src\Entities\Tank.cpp" />
    <ClCompile Include="src\Entities\Animation.cpp" />
    <ClCompile Include="src\Entities\StaticObject.cpp" />
    <ClCompile Include="src\Entities\Pickup.cpp" />
    <ClCompile Include="src\Entities\Terrain.cpp" />
    <ClCompile Include="src\Menu\MenuController.cpp" />
    <ClCompile Include="PhysicsController.cpp">
      <Filter>src\Entities</Filter>
    </ClCompile>
    <ClCompile Include="src\Entities\Pickup.cpp">
      <Filter>src\Entities</Filter>
    </ClCompile>
    <ClCompile Include="src\Entities\Player.cpp">
      <Filter>src\Entities</Filter>
    </ClCompile>
    <ClCompile Include="src\Entities\StaticObject.cpp">
      <Filter>src\Entities</Filter>
    </ClCompile>
    <ClCompile Include="src\Entities\Tank.cpp">
      <Filter>src\Entities</Filter>
    </ClCompile>
    <ClCompile Include="src\Entities\Terrain.cpp">
      <Filter>src\Entities</Filter>
    </ClCompile>
    <ClCompile Include="src\Entities\Animation.cpp">
      <Filter>src\Entities</Filter>
    </ClCompile>
    <ClCompile Include="src\Entities\HealthBar.cpp">
      <Filter>src\Entities</Filter>
    </ClCompile>
    <ClCompile Include="src\Menu\MenuController.cpp">
      <Filter>src\Menu</Filter>
    </ClCompile>
    <ClCompile Include="src\Entities\Bullet.cpp">
      <Filter>src\Entities</Filter>
    </ClCompile>
    <ClCompile Include="src\Entities\GridSystem.cpp">
      <Filter>src\Entities</Filter>
    </ClCompile>
    <ClCompile Include="src\Levels\LevelManager.cpp">
      <Filter>src\Levels</Filter>
    </ClCompile>
    <ClCompile Include="src\Entities\Bot.cpp" />
    <ClCompile Include="InvisibleWallSpawner.cpp">
      <Filter>src\Entities</Filter>
    </ClCompile>
  </ItemGroup>
  <ItemGroup>
    <None Include="packages.config" />
    <None Include="data\sounds\birds_fly.ogg">
      <Filter>data\textures</Filter>
    </None>
    <None Include="data\music\music_test.ogg">
      <Filter>data\music</Filter>
    </None>
    <None Include="data\sounds\tank_move.ogg">
      <Filter>data\sounds</Filter>
    </None>
    <None Include="data\sounds\tank_fire.ogg">
      <Filter>data\sounds</Filter>
    </None>
    <None Include="data\sounds\speed.ogg" />
    <None Include="data\sounds\empty.ogg" />
    <None Include="data\sounds\explosion.ogg" />
    <None Include="data\sounds\menu_confirm.ogg" />
    <None Include="data\sounds\menu_scroll.ogg" />
    <None Include="data\sounds\pickup_voice.ogg" />
    <None Include="data\sounds\powerup.ogg" />
    <None Include="data\sounds\repair.ogg" />
    <None Include="data\sounds\shield.ogg" />
    <None Include="data\sounds\shot.ogg" />
    <None Include="data\sounds\special_attack.ogg" />
    <None Include="data\sounds\ammunition.ogg" />
  </ItemGroup>
  <ItemGroup>
    <Image Include="data\textures\bird_animation.png">
      <Filter>data\textures</Filter>
    </Image>
    <Image Include="data\textures\explosion_animation.png">
      <Filter>data\textures</Filter>
    </Image>
    <Image Include="data\textures\grass.png">
      <Filter>data\textures</Filter>
    </Image>
    <Image Include="data\textures\health_bar_frame.png">
      <Filter>data\textures</Filter>
    </Image>
    <Image Include="data\textures\health_bar_green.png">
      <Filter>data\textures</Filter>
    </Image>
    <Image Include="data\textures\health_bar_red.png">
      <Filter>data\textures</Filter>
    </Image>
    <Image Include="data\textures\static_objects\palm_shadow.png">
      <Filter>data\textures</Filter>
    </Image>
    <Image Include="data\textures\tank_body.png">
      <Filter>data\textures</Filter>
    </Image>
    <Image Include="data\textures\tank_body_shadow.png">
      <Filter>data\textures</Filter>
    </Image>
    <Image Include="data\textures\tank_turret_shadow.png">
      <Filter>data\textures</Filter>
    </Image>
    <Image Include="data\textures\tank_turret.png">
      <Filter>data\textures</Filter>
    </Image>
    <Image Include="data\textures\static_objects\terrain.png">
      <Filter>data\textures</Filter>
    </Image>
    <Image Include="data\textures\static_objects\wall_EW.png">
      <Filter>data\textures</Filter>
    </Image>
    <Image Include="data\textures\static_objects\wall_EW_shadow.png">
      <Filter>data\textures</Filter>
    </Image>
    <Image Include="data\textures\static_objects\wall_NS.png">
      <Filter>data\textures</Filter>
    </Image>
    <Image Include="data\textures\static_objects\wall_NS_shadow.png">
      <Filter>data\textures</Filter>
    </Image>
    <Image Include="data\textures\static_objects\palm.png">
      <Filter>data\textures</Filter>
    </Image>
    <Image Include="data\textures\specialBullet.png" />
    <Image Include="data\textures\Selection_box.png" />
    <Image Include="data\textures\Main_menu_screen.jpg" />
    <Image Include="data\textures\muzzle_flash.png" />
    <Image Include="data\textures\Pause_menu_screen.jpg" />
    <Image Include="data\textures\destroyed_tank.png" />
    <Image Include="data\textures\bullet.png" />
  </ItemGroup>
  <ItemGroup>
    <Media Include="data\sounds\tank_explode.wav">
      <Filter>data\sounds</Filter>
    </Media>
  </ItemGroup>
  <ItemGroup>
    <Font Include="data\fonts\arial.ttf">
      <Filter>data\fonts</Filter>
    </Font>
    <Font Include="data\fonts\ariblk.ttf">
      <Filter>data\fonts</Filter>
    </Font>
    <Font Include="data\fonts\arialbd.ttf">
      <Filter>data\fonts</Filter>
    </Font>
    <Font Include="data\fonts\ariali.ttf">
      <Filter>data\fonts</Filter>
    </Font>
    <Font Include="data\fonts\arialbi.ttf">
      <Filter>data\fonts</Filter>
    </Font>
  </ItemGroup>
</Project>