<?xml version="1.0" encoding="utf-8"?>
<Project ToolsVersion="4.0" xmlns="http://schemas.microsoft.com/developer/msbuild/2003">
  <ItemGroup>
    <Filter Include="src">
      <UniqueIdentifier>{d0c45ae1-b1d5-45cf-a569-6d4cea7f7337}</UniqueIdentifier>
    </Filter>
    <Filter Include="src\Core">
      <UniqueIdentifier>{90334991-7d5c-46b0-8821-e01b39d51713}</UniqueIdentifier>
    </Filter>
    <Filter Include="src\Entities">
      <UniqueIdentifier>{e4110741-b421-4277-b8e9-be5b08fe3cfa}</UniqueIdentifier>
    </Filter>
    <Filter Include="src\AI">
      <UniqueIdentifier>{276e81e6-5631-4195-a098-2d959bfe9ec3}</UniqueIdentifier>
    </Filter>
  </ItemGroup>
  <ItemGroup>
    <ClInclude Include="src\precomp.h">
      <Filter>src</Filter>
    </ClInclude>
    <ClInclude Include="src\Core\GameApp.h">
      <Filter>src\Core</Filter>
    </ClInclude>
    <ClInclude Include="src\Entities\CameraController.h">
      <Filter>src\Entities</Filter>
    </ClInclude>
    <ClInclude Include="src\Entities\GameComponents.h">
      <Filter>src\Entities</Filter>
    </ClInclude>
    <ClInclude Include="src\Entities\Player.h" />
    <ClInclude Include="src\Entities\HealthBar.h" />
    <ClInclude Include="src\AI\AI.h">
      <Filter>src\AI</Filter>
    </ClInclude>
    <ClInclude Include="src\Entities\Tank.h" />
    <ClInclude Include="src\Entities\Animation.h" />
    <ClInclude Include="src\Entities\StaticObject.h" />
    <ClInclude Include="src\Entities\Pickup.h" />
    <ClInclude Include="src\Entities\Terrain.h" />
    <ClInclude Include="src\Menu\MenuController.h" />
  </ItemGroup>
  <ItemGroup>
    <ClCompile Include="src\precomp.cpp">
      <Filter>src</Filter>
    </ClCompile>
    <ClCompile Include="src\Core\GameApp.cpp">
      <Filter>src\Core</Filter>
    </ClCompile>
    <ClCompile Include="src\Entities\CameraController.cpp">
      <Filter>src\Entities</Filter>
    </ClCompile>
    <ClCompile Include="src\Entities\Player.cpp" />
    <ClCompile Include="src\Entities\HealthBar.cpp" />
    <ClCompile Include="src\AI\AI.cpp">
      <Filter>src\AI</Filter>
    </ClCompile>
    <ClCompile Include="src\Entities\Tank.cpp" />
    <ClCompile Include="src\Entities\Animation.cpp" />
    <ClCompile Include="src\Entities\StaticObject.cpp" />
    <ClCompile Include="src\Entities\Pickup.cpp" />
    <ClCompile Include="src\Entities\Terrain.cpp" />
    <ClCompile Include="src\Menu\MenuController.cpp" />
  </ItemGroup>
  <ItemGroup>
    <None Include="packages.config" />
    <None Include="data\music\music_test.ogg" />
    <None Include="data\sounds\birds_fly.ogg" />
    <None Include="data\sounds\tank_fire.ogg" />
    <None Include="data\sounds\tank_move.ogg" />
  </ItemGroup>
  <ItemGroup>
    <Image Include="data\textures\bird_animation.png" />
    <Image Include="data\textures\explosion_animation.png" />
    <Image Include="data\textures\grass.png" />
    <Image Include="data\textures\health_bar_frame.png" />
    <Image Include="data\textures\health_bar_green.png" />
    <Image Include="data\textures\health_bar_red.png" />
    <Image Include="data\textures\tank_body.png" />
    <Image Include="data\textures\tank_body_shadow.png" />
    <Image Include="data\textures\tank_turret.png" />
    <Image Include="data\textures\tank_turret_shadow.png" />
    <Image Include="data\textures\static_objects\palm.png" />
    <Image Include="data\textures\static_objects\palm_shadow.png" />
    <Image Include="data\textures\static_objects\terrain.png" />
    <Image Include="data\textures\static_objects\wall_EW.png" />
    <Image Include="data\textures\static_objects\wall_EW_shadow.png" />
    <Image Include="data\textures\static_objects\wall_NS.png" />
    <Image Include="data\textures\static_objects\wall_NS_shadow.png" />
  </ItemGroup>
  <ItemGroup>
    <Media Include="data\sounds\tank_explode.wav" />
  </ItemGroup>
</Project>